
Microsoft Visual Studio Solution File, Format Version 12.00
# Visual Studio Version 16
VisualStudioVersion = 16.0.31702.278
MinimumVisualStudioVersion = 10.0.40219.1
Project("{FAE04EC0-301F-11D3-BF4B-00C04F79EFBC}") = "SistemSembako", "SistemSembako\SistemSembako.csproj", "{32081E59-9C8B-4411-ACCB-276233155E00}"
EndProject
Global
	GlobalSection(SolutionConfigurationPlatforms) = preSolution
		Debug|Any CPU = Debug|Any CPU
		Release|Any CPU = Release|Any CPU
	EndGlobalSection
	GlobalSection(ProjectConfigurationPlatforms) = postSolution
		{32081E59-9C8B-4411-ACCB-276233155E00}.Debug|Any CPU.ActiveCfg = Debug|Any CPU
		{32081E59-9C8B-4411-ACCB-276233155E00}.Debug|Any CPU.Build.0 = Debug|Any CPU
		{32081E59-9C8B-4411-ACCB-276233155E00}.Release|Any CPU.ActiveCfg = Release|Any CPU
		{32081E59-9C8B-4411-ACCB-276233155E00}.Release|Any CPU.Build.0 = Release|Any CPU
	EndGlobalSection
	GlobalSection(SolutionProperties) = preSolution
		HideSolutionNode = FALSE
	EndGlobalSection
	GlobalSection(ExtensibilityGlobals) = postSolution
		SolutionGuid = {C078CCC0-EC0E-499E-A811-043136C2E41F}
	EndGlobalSection
EndGlobal
